// !$*UTF8*$!
{
	archiveVersion = 1;
	classes = {
	};
	objectVersion = 55;
	objects = {

/* Begin PBXBuildFile section */
		0004CE1428433D92009D5BDD /* CachedImage.swift in Sources */ = {isa = PBXBuildFile; fileRef = 0004CE1328433D92009D5BDD /* CachedImage.swift */; };
		0004CE1728435475009D5BDD /* ProductViewModel.swift in Sources */ = {isa = PBXBuildFile; fileRef = 0004CE1628435475009D5BDD /* ProductViewModel.swift */; };
		0010AF4A283E245700CF07EC /* Image+Extensions.swift in Sources */ = {isa = PBXBuildFile; fileRef = 0010AF49283E245700CF07EC /* Image+Extensions.swift */; };
		0010AF4C283E297300CF07EC /* Product.swift in Sources */ = {isa = PBXBuildFile; fileRef = 0010AF4B283E297300CF07EC /* Product.swift */; };
		0010AF4F283E34C900CF07EC /* DetailView.swift in Sources */ = {isa = PBXBuildFile; fileRef = 0010AF4E283E34C900CF07EC /* DetailView.swift */; };
		0010AF54283E361500CF07EC /* Navbar.swift in Sources */ = {isa = PBXBuildFile; fileRef = 0010AF53283E361500CF07EC /* Navbar.swift */; };
		0010AF56283E39E400CF07EC /* View+Extensions.swift in Sources */ = {isa = PBXBuildFile; fileRef = 0010AF55283E39E400CF07EC /* View+Extensions.swift */; };
		00312004284F1B99007D2DEB /* AccountDTO.swift in Sources */ = {isa = PBXBuildFile; fileRef = 00312003284F1B99007D2DEB /* AccountDTO.swift */; };
		00312006284F1C5A007D2DEB /* Account.swift in Sources */ = {isa = PBXBuildFile; fileRef = 00312005284F1C5A007D2DEB /* Account.swift */; };
		00312008284F1CD9007D2DEB /* AccountRepository.swift in Sources */ = {isa = PBXBuildFile; fileRef = 00312007284F1CD9007D2DEB /* AccountRepository.swift */; };
		0031200A284F2010007D2DEB /* AccountService.swift in Sources */ = {isa = PBXBuildFile; fileRef = 00312009284F2010007D2DEB /* AccountService.swift */; };
		0031200D284F24C3007D2DEB /* ProfileView.swift in Sources */ = {isa = PBXBuildFile; fileRef = 0031200C284F24C3007D2DEB /* ProfileView.swift */; };
		0031200F284F3A0A007D2DEB /* BoxTextField.swift in Sources */ = {isa = PBXBuildFile; fileRef = 0031200E284F3A0A007D2DEB /* BoxTextField.swift */; };
		00312011284F42AA007D2DEB /* BoxPressableButtonStyle.swift in Sources */ = {isa = PBXBuildFile; fileRef = 00312010284F42AA007D2DEB /* BoxPressableButtonStyle.swift */; };
		00312013284F4CF9007D2DEB /* LoginRegisterView.swift in Sources */ = {isa = PBXBuildFile; fileRef = 00312012284F4CF9007D2DEB /* LoginRegisterView.swift */; };
		005547C028501DD9003EE213 /* loading-1.json in Resources */ = {isa = PBXBuildFile; fileRef = 005547BF28501DD9003EE213 /* loading-1.json */; };
		005547C428501EAA003EE213 /* Lottie in Frameworks */ = {isa = PBXBuildFile; productRef = 005547C328501EAA003EE213 /* Lottie */; };
		005547C628501EBF003EE213 /* LottieView.swift in Sources */ = {isa = PBXBuildFile; fileRef = 005547C528501EBF003EE213 /* LottieView.swift */; };
		005547C8285020FE003EE213 /* loading-2.json in Resources */ = {isa = PBXBuildFile; fileRef = 005547C7285020FE003EE213 /* loading-2.json */; };
		005547CB285029A9003EE213 /* CustomAlertView.swift in Sources */ = {isa = PBXBuildFile; fileRef = 005547CA285029A9003EE213 /* CustomAlertView.swift */; };
		005547CD28502B02003EE213 /* Snackbar.swift in Sources */ = {isa = PBXBuildFile; fileRef = 005547CC28502B02003EE213 /* Snackbar.swift */; };
		007367742855C16A00A15136 /* DeliveryAddressView.swift in Sources */ = {isa = PBXBuildFile; fileRef = 007367732855C16A00A15136 /* DeliveryAddressView.swift */; };
		007367762855C17300A15136 /* CreditCardView.swift in Sources */ = {isa = PBXBuildFile; fileRef = 007367752855C17300A15136 /* CreditCardView.swift */; };
		00794BAB2851F4BD00528C17 /* Basket.xcdatamodeld in Sources */ = {isa = PBXBuildFile; fileRef = 00794BA92851F4BD00528C17 /* Basket.xcdatamodeld */; };
		00794BAD2851F5BB00528C17 /* BasketItem.swift in Sources */ = {isa = PBXBuildFile; fileRef = 00794BAC2851F5BB00528C17 /* BasketItem.swift */; };
		00794BAF2851F5D400528C17 /* Basket.swift in Sources */ = {isa = PBXBuildFile; fileRef = 00794BAE2851F5D400528C17 /* Basket.swift */; };
		00794BB12851FBD000528C17 /* BasketViewModel.swift in Sources */ = {isa = PBXBuildFile; fileRef = 00794BB02851FBD000528C17 /* BasketViewModel.swift */; };
		0098C2982842E63800737E80 /* ProductService.swift in Sources */ = {isa = PBXBuildFile; fileRef = 0098C2972842E63800737E80 /* ProductService.swift */; };
		0098C29A2842E65100737E80 /* ProductRepository.swift in Sources */ = {isa = PBXBuildFile; fileRef = 0098C2992842E65100737E80 /* ProductRepository.swift */; };
		0098C29C2842E68600737E80 /* ProductResultsDTO.swift in Sources */ = {isa = PBXBuildFile; fileRef = 0098C29B2842E68600737E80 /* ProductResultsDTO.swift */; };
		0098C29E2842EE8800737E80 /* UIApplication+Extensions.swift in Sources */ = {isa = PBXBuildFile; fileRef = 0098C29D2842EE8800737E80 /* UIApplication+Extensions.swift */; };
		0098C2A02842EEB900737E80 /* Double+Extensions.swift in Sources */ = {isa = PBXBuildFile; fileRef = 0098C29F2842EEB900737E80 /* Double+Extensions.swift */; };
		00B50918284DFF4900F4EAF2 /* SidebarView.swift in Sources */ = {isa = PBXBuildFile; fileRef = 00B50917284DFF4900F4EAF2 /* SidebarView.swift */; };
		00B5091A284E09BA00F4EAF2 /* LocalBasketRepository.swift in Sources */ = {isa = PBXBuildFile; fileRef = 00B50919284E09BA00F4EAF2 /* LocalBasketRepository.swift */; };
		00B5091C284E09C500F4EAF2 /* LocalBasketService.swift in Sources */ = {isa = PBXBuildFile; fileRef = 00B5091B284E09C500F4EAF2 /* LocalBasketService.swift */; };
		00D36DC5283CEA70006D8B6B /* TechBuyApp.swift in Sources */ = {isa = PBXBuildFile; fileRef = 00D36DC4283CEA70006D8B6B /* TechBuyApp.swift */; };
		00D36DC7283CEA70006D8B6B /* ContentView.swift in Sources */ = {isa = PBXBuildFile; fileRef = 00D36DC6283CEA70006D8B6B /* ContentView.swift */; };
		00D36DC9283CEA72006D8B6B /* Assets.xcassets in Resources */ = {isa = PBXBuildFile; fileRef = 00D36DC8283CEA72006D8B6B /* Assets.xcassets */; };
		00D36DCC283CEA72006D8B6B /* Preview Assets.xcassets in Resources */ = {isa = PBXBuildFile; fileRef = 00D36DCB283CEA72006D8B6B /* Preview Assets.xcassets */; };
		00D36DE1283CEBC8006D8B6B /* AccountViewModel.swift in Sources */ = {isa = PBXBuildFile; fileRef = 00D36DE0283CEBC8006D8B6B /* AccountViewModel.swift */; };
		00D36DE3283CEEA0006D8B6B /* Color+Extensions.swift in Sources */ = {isa = PBXBuildFile; fileRef = 00D36DE2283CEEA0006D8B6B /* Color+Extensions.swift */; };
		00D36DE6283CEFA5006D8B6B /* TabBar.swift in Sources */ = {isa = PBXBuildFile; fileRef = 00D36DE5283CEFA5006D8B6B /* TabBar.swift */; };
		00D36DE9283CEFD4006D8B6B /* BaseViewModel.swift in Sources */ = {isa = PBXBuildFile; fileRef = 00D36DE8283CEFD4006D8B6B /* BaseViewModel.swift */; };
		00D36DEB283CF337006D8B6B /* CustomCurveShape.swift in Sources */ = {isa = PBXBuildFile; fileRef = 00D36DEA283CF337006D8B6B /* CustomCurveShape.swift */; };
		00D36DEE283CF7A8006D8B6B /* HomeView.swift in Sources */ = {isa = PBXBuildFile; fileRef = 00D36DED283CF7A8006D8B6B /* HomeView.swift */; };
		00DB0E83283F55AC005F7D4B /* Cloudinary in Frameworks */ = {isa = PBXBuildFile; productRef = 00DB0E82283F55AC005F7D4B /* Cloudinary */; };
		00DB0E86283F561E005F7D4B /* ImageService.swift in Sources */ = {isa = PBXBuildFile; fileRef = 00DB0E85283F561E005F7D4B /* ImageService.swift */; };
		00DB0E88283F564A005F7D4B /* CloudinaryService.swift in Sources */ = {isa = PBXBuildFile; fileRef = 00DB0E87283F564A005F7D4B /* CloudinaryService.swift */; };
		00DB0E8B283F56B4005F7D4B /* Swinject in Frameworks */ = {isa = PBXBuildFile; productRef = 00DB0E8A283F56B4005F7D4B /* Swinject */; };
		00DB0E8D283F56EA005F7D4B /* Resolver.swift in Sources */ = {isa = PBXBuildFile; fileRef = 00DB0E8C283F56EA005F7D4B /* Resolver.swift */; };
		00DB0E8F283F56F3005F7D4B /* InjectWrapper.swift in Sources */ = {isa = PBXBuildFile; fileRef = 00DB0E8E283F56F3005F7D4B /* InjectWrapper.swift */; };
		00DB0E91283F596D005F7D4B /* APIError.swift in Sources */ = {isa = PBXBuildFile; fileRef = 00DB0E90283F596D005F7D4B /* APIError.swift */; };
		00DB0E94283F5AD0005F7D4B /* FavouritesView.swift in Sources */ = {isa = PBXBuildFile; fileRef = 00DB0E93283F5AD0005F7D4B /* FavouritesView.swift */; };
		00DB0E96283F5AE7005F7D4B /* CachedImageViewModel.swift in Sources */ = {isa = PBXBuildFile; fileRef = 00DB0E95283F5AE7005F7D4B /* CachedImageViewModel.swift */; };
		00DB0E9B283F61AE005F7D4B /* BasketView.swift in Sources */ = {isa = PBXBuildFile; fileRef = 00DB0E9A283F61AE005F7D4B /* BasketView.swift */; };
		00DB0E9D283F6321005F7D4B /* ImageCache.swift in Sources */ = {isa = PBXBuildFile; fileRef = 00DB0E9C283F6321005F7D4B /* ImageCache.swift */; };
		00DB0EA0283F65B4005F7D4B /* Stripe in Frameworks */ = {isa = PBXBuildFile; productRef = 00DB0E9F283F65B4005F7D4B /* Stripe */; };
		00DB0EA2283F65B4005F7D4B /* StripeCardScan in Frameworks */ = {isa = PBXBuildFile; productRef = 00DB0EA1283F65B4005F7D4B /* StripeCardScan */; };
/* End PBXBuildFile section */

/* Begin PBXFileReference section */
		0004CE1328433D92009D5BDD /* CachedImage.swift */ = {isa = PBXFileReference; lastKnownFileType = sourcecode.swift; path = CachedImage.swift; sourceTree = "<group>"; };
		0004CE1628435475009D5BDD /* ProductViewModel.swift */ = {isa = PBXFileReference; lastKnownFileType = sourcecode.swift; path = ProductViewModel.swift; sourceTree = "<group>"; };
		0010AF49283E245700CF07EC /* Image+Extensions.swift */ = {isa = PBXFileReference; lastKnownFileType = sourcecode.swift; path = "Image+Extensions.swift"; sourceTree = "<group>"; };
		0010AF4B283E297300CF07EC /* Product.swift */ = {isa = PBXFileReference; lastKnownFileType = sourcecode.swift; path = Product.swift; sourceTree = "<group>"; };
		0010AF4E283E34C900CF07EC /* DetailView.swift */ = {isa = PBXFileReference; lastKnownFileType = sourcecode.swift; path = DetailView.swift; sourceTree = "<group>"; };
		0010AF53283E361500CF07EC /* Navbar.swift */ = {isa = PBXFileReference; lastKnownFileType = sourcecode.swift; path = Navbar.swift; sourceTree = "<group>"; };
		0010AF55283E39E400CF07EC /* View+Extensions.swift */ = {isa = PBXFileReference; lastKnownFileType = sourcecode.swift; path = "View+Extensions.swift"; sourceTree = "<group>"; };
		0030819C2843600B00742828 /* Info.plist */ = {isa = PBXFileReference; fileEncoding = 4; lastKnownFileType = text.plist.xml; path = Info.plist; sourceTree = "<group>"; };
		00312003284F1B99007D2DEB /* AccountDTO.swift */ = {isa = PBXFileReference; lastKnownFileType = sourcecode.swift; path = AccountDTO.swift; sourceTree = "<group>"; };
		00312005284F1C5A007D2DEB /* Account.swift */ = {isa = PBXFileReference; lastKnownFileType = sourcecode.swift; path = Account.swift; sourceTree = "<group>"; };
		00312007284F1CD9007D2DEB /* AccountRepository.swift */ = {isa = PBXFileReference; lastKnownFileType = sourcecode.swift; path = AccountRepository.swift; sourceTree = "<group>"; };
		00312009284F2010007D2DEB /* AccountService.swift */ = {isa = PBXFileReference; lastKnownFileType = sourcecode.swift; path = AccountService.swift; sourceTree = "<group>"; };
		0031200C284F24C3007D2DEB /* ProfileView.swift */ = {isa = PBXFileReference; lastKnownFileType = sourcecode.swift; path = ProfileView.swift; sourceTree = "<group>"; };
		0031200E284F3A0A007D2DEB /* BoxTextField.swift */ = {isa = PBXFileReference; lastKnownFileType = sourcecode.swift; path = BoxTextField.swift; sourceTree = "<group>"; };
		00312010284F42AA007D2DEB /* BoxPressableButtonStyle.swift */ = {isa = PBXFileReference; lastKnownFileType = sourcecode.swift; path = BoxPressableButtonStyle.swift; sourceTree = "<group>"; };
		00312012284F4CF9007D2DEB /* LoginRegisterView.swift */ = {isa = PBXFileReference; lastKnownFileType = sourcecode.swift; path = LoginRegisterView.swift; sourceTree = "<group>"; };
		005547BF28501DD9003EE213 /* loading-1.json */ = {isa = PBXFileReference; fileEncoding = 4; lastKnownFileType = text.json; path = "loading-1.json"; sourceTree = "<group>"; };
		005547C528501EBF003EE213 /* LottieView.swift */ = {isa = PBXFileReference; lastKnownFileType = sourcecode.swift; path = LottieView.swift; sourceTree = "<group>"; };
		005547C7285020FE003EE213 /* loading-2.json */ = {isa = PBXFileReference; fileEncoding = 4; lastKnownFileType = text.json; path = "loading-2.json"; sourceTree = "<group>"; };
		005547CA285029A9003EE213 /* CustomAlertView.swift */ = {isa = PBXFileReference; lastKnownFileType = sourcecode.swift; path = CustomAlertView.swift; sourceTree = "<group>"; };
		005547CC28502B02003EE213 /* Snackbar.swift */ = {isa = PBXFileReference; lastKnownFileType = sourcecode.swift; path = Snackbar.swift; sourceTree = "<group>"; };
		007367732855C16A00A15136 /* DeliveryAddressView.swift */ = {isa = PBXFileReference; lastKnownFileType = sourcecode.swift; path = DeliveryAddressView.swift; sourceTree = "<group>"; };
		007367752855C17300A15136 /* CreditCardView.swift */ = {isa = PBXFileReference; lastKnownFileType = sourcecode.swift; path = CreditCardView.swift; sourceTree = "<group>"; };
		00794BAA2851F4BD00528C17 /* Basket.xcdatamodel */ = {isa = PBXFileReference; lastKnownFileType = wrapper.xcdatamodel; path = Basket.xcdatamodel; sourceTree = "<group>"; };
		00794BAC2851F5BB00528C17 /* BasketItem.swift */ = {isa = PBXFileReference; lastKnownFileType = sourcecode.swift; path = BasketItem.swift; sourceTree = "<group>"; };
		00794BAE2851F5D400528C17 /* Basket.swift */ = {isa = PBXFileReference; lastKnownFileType = sourcecode.swift; path = Basket.swift; sourceTree = "<group>"; };
		00794BB02851FBD000528C17 /* BasketViewModel.swift */ = {isa = PBXFileReference; lastKnownFileType = sourcecode.swift; path = BasketViewModel.swift; sourceTree = "<group>"; };
		0098C2972842E63800737E80 /* ProductService.swift */ = {isa = PBXFileReference; lastKnownFileType = sourcecode.swift; path = ProductService.swift; sourceTree = "<group>"; };
		0098C2992842E65100737E80 /* ProductRepository.swift */ = {isa = PBXFileReference; lastKnownFileType = sourcecode.swift; path = ProductRepository.swift; sourceTree = "<group>"; };
		0098C29B2842E68600737E80 /* ProductResultsDTO.swift */ = {isa = PBXFileReference; lastKnownFileType = sourcecode.swift; path = ProductResultsDTO.swift; sourceTree = "<group>"; };
		0098C29D2842EE8800737E80 /* UIApplication+Extensions.swift */ = {isa = PBXFileReference; lastKnownFileType = sourcecode.swift; path = "UIApplication+Extensions.swift"; sourceTree = "<group>"; };
		0098C29F2842EEB900737E80 /* Double+Extensions.swift */ = {isa = PBXFileReference; lastKnownFileType = sourcecode.swift; path = "Double+Extensions.swift"; sourceTree = "<group>"; };
		00B50917284DFF4900F4EAF2 /* SidebarView.swift */ = {isa = PBXFileReference; lastKnownFileType = sourcecode.swift; path = SidebarView.swift; sourceTree = "<group>"; };
		00B50919284E09BA00F4EAF2 /* LocalBasketRepository.swift */ = {isa = PBXFileReference; lastKnownFileType = sourcecode.swift; path = LocalBasketRepository.swift; sourceTree = "<group>"; };
		00B5091B284E09C500F4EAF2 /* LocalBasketService.swift */ = {isa = PBXFileReference; lastKnownFileType = sourcecode.swift; path = LocalBasketService.swift; sourceTree = "<group>"; };
		00D36DC1283CEA70006D8B6B /* TechBuy.app */ = {isa = PBXFileReference; explicitFileType = wrapper.application; includeInIndex = 0; path = TechBuy.app; sourceTree = BUILT_PRODUCTS_DIR; };
		00D36DC4283CEA70006D8B6B /* TechBuyApp.swift */ = {isa = PBXFileReference; lastKnownFileType = sourcecode.swift; path = TechBuyApp.swift; sourceTree = "<group>"; };
		00D36DC6283CEA70006D8B6B /* ContentView.swift */ = {isa = PBXFileReference; lastKnownFileType = sourcecode.swift; path = ContentView.swift; sourceTree = "<group>"; };
		00D36DC8283CEA72006D8B6B /* Assets.xcassets */ = {isa = PBXFileReference; lastKnownFileType = folder.assetcatalog; path = Assets.xcassets; sourceTree = "<group>"; };
		00D36DCB283CEA72006D8B6B /* Preview Assets.xcassets */ = {isa = PBXFileReference; lastKnownFileType = folder.assetcatalog; path = "Preview Assets.xcassets"; sourceTree = "<group>"; };
		00D36DE0283CEBC8006D8B6B /* AccountViewModel.swift */ = {isa = PBXFileReference; lastKnownFileType = sourcecode.swift; path = AccountViewModel.swift; sourceTree = "<group>"; };
		00D36DE2283CEEA0006D8B6B /* Color+Extensions.swift */ = {isa = PBXFileReference; lastKnownFileType = sourcecode.swift; path = "Color+Extensions.swift"; sourceTree = "<group>"; };
		00D36DE5283CEFA5006D8B6B /* TabBar.swift */ = {isa = PBXFileReference; lastKnownFileType = sourcecode.swift; path = TabBar.swift; sourceTree = "<group>"; };
		00D36DE8283CEFD4006D8B6B /* BaseViewModel.swift */ = {isa = PBXFileReference; lastKnownFileType = sourcecode.swift; path = BaseViewModel.swift; sourceTree = "<group>"; };
		00D36DEA283CF337006D8B6B /* CustomCurveShape.swift */ = {isa = PBXFileReference; lastKnownFileType = sourcecode.swift; path = CustomCurveShape.swift; sourceTree = "<group>"; };
		00D36DED283CF7A8006D8B6B /* HomeView.swift */ = {isa = PBXFileReference; lastKnownFileType = sourcecode.swift; path = HomeView.swift; sourceTree = "<group>"; };
		00DB0E85283F561E005F7D4B /* ImageService.swift */ = {isa = PBXFileReference; lastKnownFileType = sourcecode.swift; path = ImageService.swift; sourceTree = "<group>"; };
		00DB0E87283F564A005F7D4B /* CloudinaryService.swift */ = {isa = PBXFileReference; lastKnownFileType = sourcecode.swift; path = CloudinaryService.swift; sourceTree = "<group>"; };
		00DB0E8C283F56EA005F7D4B /* Resolver.swift */ = {isa = PBXFileReference; lastKnownFileType = sourcecode.swift; path = Resolver.swift; sourceTree = "<group>"; };
		00DB0E8E283F56F3005F7D4B /* InjectWrapper.swift */ = {isa = PBXFileReference; lastKnownFileType = sourcecode.swift; path = InjectWrapper.swift; sourceTree = "<group>"; };
		00DB0E90283F596D005F7D4B /* APIError.swift */ = {isa = PBXFileReference; lastKnownFileType = sourcecode.swift; path = APIError.swift; sourceTree = "<group>"; };
		00DB0E93283F5AD0005F7D4B /* FavouritesView.swift */ = {isa = PBXFileReference; lastKnownFileType = sourcecode.swift; path = FavouritesView.swift; sourceTree = "<group>"; };
		00DB0E95283F5AE7005F7D4B /* CachedImageViewModel.swift */ = {isa = PBXFileReference; lastKnownFileType = sourcecode.swift; path = CachedImageViewModel.swift; sourceTree = "<group>"; };
		00DB0E9A283F61AE005F7D4B /* BasketView.swift */ = {isa = PBXFileReference; lastKnownFileType = sourcecode.swift; path = BasketView.swift; sourceTree = "<group>"; };
		00DB0E9C283F6321005F7D4B /* ImageCache.swift */ = {isa = PBXFileReference; lastKnownFileType = sourcecode.swift; path = ImageCache.swift; sourceTree = "<group>"; };
/* End PBXFileReference section */

/* Begin PBXFrameworksBuildPhase section */
		00D36DBE283CEA70006D8B6B /* Frameworks */ = {
			isa = PBXFrameworksBuildPhase;
			buildActionMask = 2147483647;
			files = (
				005547C428501EAA003EE213 /* Lottie in Frameworks */,
				00DB0EA2283F65B4005F7D4B /* StripeCardScan in Frameworks */,
				00DB0E83283F55AC005F7D4B /* Cloudinary in Frameworks */,
				00DB0E8B283F56B4005F7D4B /* Swinject in Frameworks */,
				00DB0EA0283F65B4005F7D4B /* Stripe in Frameworks */,
			);
			runOnlyForDeploymentPostprocessing = 0;
		};
/* End PBXFrameworksBuildPhase section */

/* Begin PBXGroup section */
		0004CE1528433FC8009D5BDD /* CachedImage */ = {
			isa = PBXGroup;
			children = (
				00DB0E95283F5AE7005F7D4B /* CachedImageViewModel.swift */,
				0004CE1328433D92009D5BDD /* CachedImage.swift */,
			);
			path = CachedImage;
			sourceTree = "<group>";
		};
		0010AF4D283E34B600CF07EC /* ProductDetails */ = {
			isa = PBXGroup;
			children = (
				0010AF4E283E34C900CF07EC /* DetailView.swift */,
			);
			path = ProductDetails;
			sourceTree = "<group>";
		};
		0010AF50283E35FA00CF07EC /* Common */ = {
			isa = PBXGroup;
			children = (
				005547C928502997003EE213 /* CustomAlert */,
				0031200E284F3A0A007D2DEB /* BoxTextField.swift */,
				0010AF53283E361500CF07EC /* Navbar.swift */,
				0004CE1528433FC8009D5BDD /* CachedImage */,
				005547C128501E01003EE213 /* Lottie */,
			);
			path = Common;
			sourceTree = "<group>";
		};
		0031200B284F24B1007D2DEB /* Profile */ = {
			isa = PBXGroup;
			children = (
				0031200C284F24C3007D2DEB /* ProfileView.swift */,
				00312012284F4CF9007D2DEB /* LoginRegisterView.swift */,
			);
			path = Profile;
			sourceTree = "<group>";
		};
		005547BD28501D9E003EE213 /* Resources */ = {
			isa = PBXGroup;
			children = (
				00D36DC8283CEA72006D8B6B /* Assets.xcassets */,
				005547BE28501DC9003EE213 /* LottieAnimations */,
			);
			path = Resources;
			sourceTree = "<group>";
		};
		005547BE28501DC9003EE213 /* LottieAnimations */ = {
			isa = PBXGroup;
			children = (
				005547BF28501DD9003EE213 /* loading-1.json */,
				005547C7285020FE003EE213 /* loading-2.json */,
			);
			path = LottieAnimations;
			sourceTree = "<group>";
		};
		005547C128501E01003EE213 /* Lottie */ = {
			isa = PBXGroup;
			children = (
				005547C528501EBF003EE213 /* LottieView.swift */,
			);
			path = Lottie;
			sourceTree = "<group>";
		};
		005547C928502997003EE213 /* CustomAlert */ = {
			isa = PBXGroup;
			children = (
				005547CA285029A9003EE213 /* CustomAlertView.swift */,
				005547CC28502B02003EE213 /* Snackbar.swift */,
			);
			path = CustomAlert;
			sourceTree = "<group>";
		};
		00B50916284DFF4000F4EAF2 /* Sidebar */ = {
			isa = PBXGroup;
			children = (
				00B50917284DFF4900F4EAF2 /* SidebarView.swift */,
			);
			path = Sidebar;
			sourceTree = "<group>";
		};
		00B5091D284E0A9600F4EAF2 /* CoreData */ = {
			isa = PBXGroup;
			children = (
				00B50919284E09BA00F4EAF2 /* LocalBasketRepository.swift */,
				00794BA92851F4BD00528C17 /* Basket.xcdatamodeld */,
			);
			path = CoreData;
			sourceTree = "<group>";
		};
		00D36DB8283CEA70006D8B6B = {
			isa = PBXGroup;
			children = (
				00D36DC3283CEA70006D8B6B /* TechBuy */,
				00D36DC2283CEA70006D8B6B /* Products */,
			);
			sourceTree = "<group>";
		};
		00D36DC2283CEA70006D8B6B /* Products */ = {
			isa = PBXGroup;
			children = (
				00D36DC1283CEA70006D8B6B /* TechBuy.app */,
			);
			name = Products;
			sourceTree = "<group>";
		};
		00D36DC3283CEA70006D8B6B /* TechBuy */ = {
			isa = PBXGroup;
			children = (
				0030819C2843600B00742828 /* Info.plist */,
				00D36DC4283CEA70006D8B6B /* TechBuyApp.swift */,
				00D36DD2283CEAF5006D8B6B /* Data */,
				00D36DD3283CEAF9006D8B6B /* DependencyContainer */,
				00D36DD4283CEAFE006D8B6B /* Domain */,
				00D36DD5283CEB01006D8B6B /* Extensions */,
				00D36DCA283CEA72006D8B6B /* Preview Content */,
				005547BD28501D9E003EE213 /* Resources */,
				00D36DD6283CEB05006D8B6B /* Styles */,
				00D36DD7283CEB06006D8B6B /* Utils */,
				00D36DD8283CEB09006D8B6B /* View */,
			);
			path = TechBuy;
			sourceTree = "<group>";
		};
		00D36DCA283CEA72006D8B6B /* Preview Content */ = {
			isa = PBXGroup;
			children = (
				00D36DCB283CEA72006D8B6B /* Preview Assets.xcassets */,
			);
			path = "Preview Content";
			sourceTree = "<group>";
		};
		00D36DD2283CEAF5006D8B6B /* Data */ = {
			isa = PBXGroup;
			children = (
				00D36DD9283CEB28006D8B6B /* Local */,
				00D36DDA283CEB2A006D8B6B /* Remote */,
			);
			path = Data;
			sourceTree = "<group>";
		};
		00D36DD3283CEAF9006D8B6B /* DependencyContainer */ = {
			isa = PBXGroup;
			children = (
				00DB0E8C283F56EA005F7D4B /* Resolver.swift */,
				00DB0E8E283F56F3005F7D4B /* InjectWrapper.swift */,
			);
			path = DependencyContainer;
			sourceTree = "<group>";
		};
		00D36DD4283CEAFE006D8B6B /* Domain */ = {
			isa = PBXGroup;
			children = (
				00D36DDD283CEB60006D8B6B /* Models */,
				00D36DDE283CEB62006D8B6B /* Services */,
			);
			path = Domain;
			sourceTree = "<group>";
		};
		00D36DD5283CEB01006D8B6B /* Extensions */ = {
			isa = PBXGroup;
			children = (
				00D36DE2283CEEA0006D8B6B /* Color+Extensions.swift */,
				0098C29F2842EEB900737E80 /* Double+Extensions.swift */,
				0010AF49283E245700CF07EC /* Image+Extensions.swift */,
				0098C29D2842EE8800737E80 /* UIApplication+Extensions.swift */,
				0010AF55283E39E400CF07EC /* View+Extensions.swift */,
			);
			path = Extensions;
			sourceTree = "<group>";
		};
		00D36DD6283CEB05006D8B6B /* Styles */ = {
			isa = PBXGroup;
			children = (
				00D36DEA283CF337006D8B6B /* CustomCurveShape.swift */,
				00312010284F42AA007D2DEB /* BoxPressableButtonStyle.swift */,
			);
			path = Styles;
			sourceTree = "<group>";
		};
		00D36DD7283CEB06006D8B6B /* Utils */ = {
			isa = PBXGroup;
			children = (
			);
			path = Utils;
			sourceTree = "<group>";
		};
		00D36DD8283CEB09006D8B6B /* View */ = {
			isa = PBXGroup;
			children = (
				00D36DC6283CEA70006D8B6B /* ContentView.swift */,
				00D36DE5283CEFA5006D8B6B /* TabBar.swift */,
				00DB0E97283F6197005F7D4B /* Basket */,
				0010AF50283E35FA00CF07EC /* Common */,
				00DB0E92283F5AAF005F7D4B /* Favouries */,
				00D36DE4283CEF91006D8B6B /* Home */,
				0010AF4D283E34B600CF07EC /* ProductDetails */,
				0031200B284F24B1007D2DEB /* Profile */,
				00B50916284DFF4000F4EAF2 /* Sidebar */,
				00D36DDF283CEBA1006D8B6B /* EnvironmentViewModels */,
			);
			path = View;
			sourceTree = "<group>";
		};
		00D36DD9283CEB28006D8B6B /* Local */ = {
			isa = PBXGroup;
			children = (
				00B5091D284E0A9600F4EAF2 /* CoreData */,
				00DB0E9C283F6321005F7D4B /* ImageCache.swift */,
			);
			path = Local;
			sourceTree = "<group>";
		};
		00D36DDA283CEB2A006D8B6B /* Remote */ = {
			isa = PBXGroup;
			children = (
				00DB0E90283F596D005F7D4B /* APIError.swift */,
				00D36DDB283CEB37006D8B6B /* DTOs */,
				00D36DDC283CEB3B006D8B6B /* Repositories */,
				00DB0E84283F55FE005F7D4B /* Services */,
			);
			path = Remote;
			sourceTree = "<group>";
		};
		00D36DDB283CEB37006D8B6B /* DTOs */ = {
			isa = PBXGroup;
			children = (
				00312003284F1B99007D2DEB /* AccountDTO.swift */,
				0098C29B2842E68600737E80 /* ProductResultsDTO.swift */,
				00794BAE2851F5D400528C17 /* Basket.swift */,
			);
			path = DTOs;
			sourceTree = "<group>";
		};
		00D36DDC283CEB3B006D8B6B /* Repositories */ = {
			isa = PBXGroup;
			children = (
				00312007284F1CD9007D2DEB /* AccountRepository.swift */,
				0098C2992842E65100737E80 /* ProductRepository.swift */,
			);
			path = Repositories;
			sourceTree = "<group>";
		};
		00D36DDD283CEB60006D8B6B /* Models */ = {
			isa = PBXGroup;
			children = (
				00312005284F1C5A007D2DEB /* Account.swift */,
				0010AF4B283E297300CF07EC /* Product.swift */,
				00794BAC2851F5BB00528C17 /* BasketItem.swift */,
			);
			path = Models;
			sourceTree = "<group>";
		};
		00D36DDE283CEB62006D8B6B /* Services */ = {
			isa = PBXGroup;
			children = (
				00DB0E85283F561E005F7D4B /* ImageService.swift */,
				00B5091B284E09C500F4EAF2 /* LocalBasketService.swift */,
				0098C2972842E63800737E80 /* ProductService.swift */,
				00312009284F2010007D2DEB /* AccountService.swift */,
			);
			path = Services;
			sourceTree = "<group>";
		};
		00D36DDF283CEBA1006D8B6B /* EnvironmentViewModels */ = {
			isa = PBXGroup;
			children = (
				00D36DE0283CEBC8006D8B6B /* AccountViewModel.swift */,
				00D36DE8283CEFD4006D8B6B /* BaseViewModel.swift */,
				00794BB02851FBD000528C17 /* BasketViewModel.swift */,
			);
			path = EnvironmentViewModels;
			sourceTree = "<group>";
		};
		00D36DE4283CEF91006D8B6B /* Home */ = {
			isa = PBXGroup;
			children = (
				00D36DED283CF7A8006D8B6B /* HomeView.swift */,
				00D36DE7283CEFC8006D8B6B /* ViewModel */,
			);
			path = Home;
			sourceTree = "<group>";
		};
		00D36DE7283CEFC8006D8B6B /* ViewModel */ = {
			isa = PBXGroup;
			children = (
				0004CE1628435475009D5BDD /* ProductViewModel.swift */,
			);
			path = ViewModel;
			sourceTree = "<group>";
		};
		00DB0E84283F55FE005F7D4B /* Services */ = {
			isa = PBXGroup;
			children = (
				00DB0E87283F564A005F7D4B /* CloudinaryService.swift */,
			);
			path = Services;
			sourceTree = "<group>";
		};
		00DB0E92283F5AAF005F7D4B /* Favouries */ = {
			isa = PBXGroup;
			children = (
				00DB0E93283F5AD0005F7D4B /* FavouritesView.swift */,
			);
			path = Favouries;
			sourceTree = "<group>";
		};
		00DB0E97283F6197005F7D4B /* Basket */ = {
			isa = PBXGroup;
			children = (
				00DB0E9A283F61AE005F7D4B /* BasketView.swift */,
				007367732855C16A00A15136 /* DeliveryAddressView.swift */,
				007367752855C17300A15136 /* CreditCardView.swift */,
			);
			path = Basket;
			sourceTree = "<group>";
		};
/* End PBXGroup section */

/* Begin PBXNativeTarget section */
		00D36DC0283CEA70006D8B6B /* TechBuy */ = {
			isa = PBXNativeTarget;
			buildConfigurationList = 00D36DCF283CEA72006D8B6B /* Build configuration list for PBXNativeTarget "TechBuy" */;
			buildPhases = (
				00D36DBD283CEA70006D8B6B /* Sources */,
				00D36DBE283CEA70006D8B6B /* Frameworks */,
				00D36DBF283CEA70006D8B6B /* Resources */,
			);
			buildRules = (
			);
			dependencies = (
			);
			name = TechBuy;
			packageProductDependencies = (
				00DB0E82283F55AC005F7D4B /* Cloudinary */,
				00DB0E8A283F56B4005F7D4B /* Swinject */,
				00DB0E9F283F65B4005F7D4B /* Stripe */,
				00DB0EA1283F65B4005F7D4B /* StripeCardScan */,
				005547C328501EAA003EE213 /* Lottie */,
			);
			productName = TechBuy;
			productReference = 00D36DC1283CEA70006D8B6B /* TechBuy.app */;
			productType = "com.apple.product-type.application";
		};
/* End PBXNativeTarget section */

/* Begin PBXProject section */
		00D36DB9283CEA70006D8B6B /* Project object */ = {
			isa = PBXProject;
			attributes = {
				BuildIndependentTargetsInParallel = 1;
				LastSwiftUpdateCheck = 1340;
				LastUpgradeCheck = 1340;
				TargetAttributes = {
					00D36DC0283CEA70006D8B6B = {
						CreatedOnToolsVersion = 13.4;
					};
				};
			};
			buildConfigurationList = 00D36DBC283CEA70006D8B6B /* Build configuration list for PBXProject "TechBuy" */;
			compatibilityVersion = "Xcode 13.0";
			developmentRegion = en;
			hasScannedForEncodings = 0;
			knownRegions = (
				en,
				Base,
			);
			mainGroup = 00D36DB8283CEA70006D8B6B;
			packageReferences = (
				00DB0E81283F55AC005F7D4B /* XCRemoteSwiftPackageReference "cloudinary_ios" */,
				00DB0E89283F56B4005F7D4B /* XCRemoteSwiftPackageReference "Swinject" */,
				00DB0E9E283F65B4005F7D4B /* XCRemoteSwiftPackageReference "stripe-ios" */,
				005547C228501EAA003EE213 /* XCRemoteSwiftPackageReference "lottie-ios" */,
			);
			productRefGroup = 00D36DC2283CEA70006D8B6B /* Products */;
			projectDirPath = "";
			projectRoot = "";
			targets = (
				00D36DC0283CEA70006D8B6B /* TechBuy */,
			);
		};
/* End PBXProject section */

/* Begin PBXResourcesBuildPhase section */
		00D36DBF283CEA70006D8B6B /* Resources */ = {
			isa = PBXResourcesBuildPhase;
			buildActionMask = 2147483647;
			files = (
				00D36DCC283CEA72006D8B6B /* Preview Assets.xcassets in Resources */,
				005547C028501DD9003EE213 /* loading-1.json in Resources */,
				00D36DC9283CEA72006D8B6B /* Assets.xcassets in Resources */,
				005547C8285020FE003EE213 /* loading-2.json in Resources */,
			);
			runOnlyForDeploymentPostprocessing = 0;
		};
/* End PBXResourcesBuildPhase section */

/* Begin PBXSourcesBuildPhase section */
		00D36DBD283CEA70006D8B6B /* Sources */ = {
			isa = PBXSourcesBuildPhase;
			buildActionMask = 2147483647;
			files = (
				0031200F284F3A0A007D2DEB /* BoxTextField.swift in Sources */,
				00DB0E9D283F6321005F7D4B /* ImageCache.swift in Sources */,
				00312013284F4CF9007D2DEB /* LoginRegisterView.swift in Sources */,
				00DB0E96283F5AE7005F7D4B /* CachedImageViewModel.swift in Sources */,
				0010AF4A283E245700CF07EC /* Image+Extensions.swift in Sources */,
				0004CE1728435475009D5BDD /* ProductViewModel.swift in Sources */,
				0004CE1428433D92009D5BDD /* CachedImage.swift in Sources */,
				00312011284F42AA007D2DEB /* BoxPressableButtonStyle.swift in Sources */,
				0098C2A02842EEB900737E80 /* Double+Extensions.swift in Sources */,
				007367742855C16A00A15136 /* DeliveryAddressView.swift in Sources */,
				005547CD28502B02003EE213 /* Snackbar.swift in Sources */,
				00D36DEB283CF337006D8B6B /* CustomCurveShape.swift in Sources */,
				005547C628501EBF003EE213 /* LottieView.swift in Sources */,
				0098C29E2842EE8800737E80 /* UIApplication+Extensions.swift in Sources */,
				00794BAB2851F4BD00528C17 /* Basket.xcdatamodeld in Sources */,
				00D36DC7283CEA70006D8B6B /* ContentView.swift in Sources */,
				00B5091C284E09C500F4EAF2 /* LocalBasketService.swift in Sources */,
				00D36DE1283CEBC8006D8B6B /* AccountViewModel.swift in Sources */,
				00D36DE6283CEFA5006D8B6B /* TabBar.swift in Sources */,
				0010AF4F283E34C900CF07EC /* DetailView.swift in Sources */,
				00D36DC5283CEA70006D8B6B /* TechBuyApp.swift in Sources */,
				00DB0E88283F564A005F7D4B /* CloudinaryService.swift in Sources */,
				0031200D284F24C3007D2DEB /* ProfileView.swift in Sources */,
				00B5091A284E09BA00F4EAF2 /* LocalBasketRepository.swift in Sources */,
				0098C2982842E63800737E80 /* ProductService.swift in Sources */,
				0031200A284F2010007D2DEB /* AccountService.swift in Sources */,
				0098C29A2842E65100737E80 /* ProductRepository.swift in Sources */,
				00D36DEE283CF7A8006D8B6B /* HomeView.swift in Sources */,
				00312006284F1C5A007D2DEB /* Account.swift in Sources */,
				00794BB12851FBD000528C17 /* BasketViewModel.swift in Sources */,
				00B50918284DFF4900F4EAF2 /* SidebarView.swift in Sources */,
				00794BAD2851F5BB00528C17 /* BasketItem.swift in Sources */,
				007367762855C17300A15136 /* CreditCardView.swift in Sources */,
				0098C29C2842E68600737E80 /* ProductResultsDTO.swift in Sources */,
				0010AF4C283E297300CF07EC /* Product.swift in Sources */,
				0010AF56283E39E400CF07EC /* View+Extensions.swift in Sources */,
				00DB0E9B283F61AE005F7D4B /* BasketView.swift in Sources */,
				00312004284F1B99007D2DEB /* AccountDTO.swift in Sources */,
				00312008284F1CD9007D2DEB /* AccountRepository.swift in Sources */,
				00DB0E8D283F56EA005F7D4B /* Resolver.swift in Sources */,
				00794BAF2851F5D400528C17 /* Basket.swift in Sources */,
				00DB0E8F283F56F3005F7D4B /* InjectWrapper.swift in Sources */,
				0010AF54283E361500CF07EC /* Navbar.swift in Sources */,
				00D36DE3283CEEA0006D8B6B /* Color+Extensions.swift in Sources */,
				005547CB285029A9003EE213 /* CustomAlertView.swift in Sources */,
				00D36DE9283CEFD4006D8B6B /* BaseViewModel.swift in Sources */,
				00DB0E94283F5AD0005F7D4B /* FavouritesView.swift in Sources */,
				00DB0E86283F561E005F7D4B /* ImageService.swift in Sources */,
				00DB0E91283F596D005F7D4B /* APIError.swift in Sources */,
			);
			runOnlyForDeploymentPostprocessing = 0;
		};
/* End PBXSourcesBuildPhase section */

/* Begin XCBuildConfiguration section */
		00D36DCD283CEA72006D8B6B /* Debug */ = {
			isa = XCBuildConfiguration;
			buildSettings = {
				ALWAYS_SEARCH_USER_PATHS = NO;
				CLANG_ANALYZER_NONNULL = YES;
				CLANG_ANALYZER_NUMBER_OBJECT_CONVERSION = YES_AGGRESSIVE;
				CLANG_CXX_LANGUAGE_STANDARD = "gnu++17";
				CLANG_ENABLE_MODULES = YES;
				CLANG_ENABLE_OBJC_ARC = YES;
				CLANG_ENABLE_OBJC_WEAK = YES;
				CLANG_WARN_BLOCK_CAPTURE_AUTORELEASING = YES;
				CLANG_WARN_BOOL_CONVERSION = YES;
				CLANG_WARN_COMMA = YES;
				CLANG_WARN_CONSTANT_CONVERSION = YES;
				CLANG_WARN_DEPRECATED_OBJC_IMPLEMENTATIONS = YES;
				CLANG_WARN_DIRECT_OBJC_ISA_USAGE = YES_ERROR;
				CLANG_WARN_DOCUMENTATION_COMMENTS = YES;
				CLANG_WARN_EMPTY_BODY = YES;
				CLANG_WARN_ENUM_CONVERSION = YES;
				CLANG_WARN_INFINITE_RECURSION = YES;
				CLANG_WARN_INT_CONVERSION = YES;
				CLANG_WARN_NON_LITERAL_NULL_CONVERSION = YES;
				CLANG_WARN_OBJC_IMPLICIT_RETAIN_SELF = YES;
				CLANG_WARN_OBJC_LITERAL_CONVERSION = YES;
				CLANG_WARN_OBJC_ROOT_CLASS = YES_ERROR;
				CLANG_WARN_QUOTED_INCLUDE_IN_FRAMEWORK_HEADER = YES;
				CLANG_WARN_RANGE_LOOP_ANALYSIS = YES;
				CLANG_WARN_STRICT_PROTOTYPES = YES;
				CLANG_WARN_SUSPICIOUS_MOVE = YES;
				CLANG_WARN_UNGUARDED_AVAILABILITY = YES_AGGRESSIVE;
				CLANG_WARN_UNREACHABLE_CODE = YES;
				CLANG_WARN__DUPLICATE_METHOD_MATCH = YES;
				COPY_PHASE_STRIP = NO;
				DEBUG_INFORMATION_FORMAT = dwarf;
				ENABLE_STRICT_OBJC_MSGSEND = YES;
				ENABLE_TESTABILITY = YES;
				GCC_C_LANGUAGE_STANDARD = gnu11;
				GCC_DYNAMIC_NO_PIC = NO;
				GCC_NO_COMMON_BLOCKS = YES;
				GCC_OPTIMIZATION_LEVEL = 0;
				GCC_PREPROCESSOR_DEFINITIONS = (
					"DEBUG=1",
					"$(inherited)",
				);
				GCC_WARN_64_TO_32_BIT_CONVERSION = YES;
				GCC_WARN_ABOUT_RETURN_TYPE = YES_ERROR;
				GCC_WARN_UNDECLARED_SELECTOR = YES;
				GCC_WARN_UNINITIALIZED_AUTOS = YES_AGGRESSIVE;
				GCC_WARN_UNUSED_FUNCTION = YES;
				GCC_WARN_UNUSED_VARIABLE = YES;
				IPHONEOS_DEPLOYMENT_TARGET = 15.5;
				MTL_ENABLE_DEBUG_INFO = INCLUDE_SOURCE;
				MTL_FAST_MATH = YES;
				ONLY_ACTIVE_ARCH = YES;
				SDKROOT = iphoneos;
				SWIFT_ACTIVE_COMPILATION_CONDITIONS = DEBUG;
				SWIFT_OPTIMIZATION_LEVEL = "-Onone";
			};
			name = Debug;
		};
		00D36DCE283CEA72006D8B6B /* Release */ = {
			isa = XCBuildConfiguration;
			buildSettings = {
				ALWAYS_SEARCH_USER_PATHS = NO;
				CLANG_ANALYZER_NONNULL = YES;
				CLANG_ANALYZER_NUMBER_OBJECT_CONVERSION = YES_AGGRESSIVE;
				CLANG_CXX_LANGUAGE_STANDARD = "gnu++17";
				CLANG_ENABLE_MODULES = YES;
				CLANG_ENABLE_OBJC_ARC = YES;
				CLANG_ENABLE_OBJC_WEAK = YES;
				CLANG_WARN_BLOCK_CAPTURE_AUTORELEASING = YES;
				CLANG_WARN_BOOL_CONVERSION = YES;
				CLANG_WARN_COMMA = YES;
				CLANG_WARN_CONSTANT_CONVERSION = YES;
				CLANG_WARN_DEPRECATED_OBJC_IMPLEMENTATIONS = YES;
				CLANG_WARN_DIRECT_OBJC_ISA_USAGE = YES_ERROR;
				CLANG_WARN_DOCUMENTATION_COMMENTS = YES;
				CLANG_WARN_EMPTY_BODY = YES;
				CLANG_WARN_ENUM_CONVERSION = YES;
				CLANG_WARN_INFINITE_RECURSION = YES;
				CLANG_WARN_INT_CONVERSION = YES;
				CLANG_WARN_NON_LITERAL_NULL_CONVERSION = YES;
				CLANG_WARN_OBJC_IMPLICIT_RETAIN_SELF = YES;
				CLANG_WARN_OBJC_LITERAL_CONVERSION = YES;
				CLANG_WARN_OBJC_ROOT_CLASS = YES_ERROR;
				CLANG_WARN_QUOTED_INCLUDE_IN_FRAMEWORK_HEADER = YES;
				CLANG_WARN_RANGE_LOOP_ANALYSIS = YES;
				CLANG_WARN_STRICT_PROTOTYPES = YES;
				CLANG_WARN_SUSPICIOUS_MOVE = YES;
				CLANG_WARN_UNGUARDED_AVAILABILITY = YES_AGGRESSIVE;
				CLANG_WARN_UNREACHABLE_CODE = YES;
				CLANG_WARN__DUPLICATE_METHOD_MATCH = YES;
				COPY_PHASE_STRIP = NO;
				DEBUG_INFORMATION_FORMAT = "dwarf-with-dsym";
				ENABLE_NS_ASSERTIONS = NO;
				ENABLE_STRICT_OBJC_MSGSEND = YES;
				GCC_C_LANGUAGE_STANDARD = gnu11;
				GCC_NO_COMMON_BLOCKS = YES;
				GCC_WARN_64_TO_32_BIT_CONVERSION = YES;
				GCC_WARN_ABOUT_RETURN_TYPE = YES_ERROR;
				GCC_WARN_UNDECLARED_SELECTOR = YES;
				GCC_WARN_UNINITIALIZED_AUTOS = YES_AGGRESSIVE;
				GCC_WARN_UNUSED_FUNCTION = YES;
				GCC_WARN_UNUSED_VARIABLE = YES;
				IPHONEOS_DEPLOYMENT_TARGET = 15.5;
				MTL_ENABLE_DEBUG_INFO = NO;
				MTL_FAST_MATH = YES;
				SDKROOT = iphoneos;
				SWIFT_COMPILATION_MODE = wholemodule;
				SWIFT_OPTIMIZATION_LEVEL = "-O";
				VALIDATE_PRODUCT = YES;
			};
			name = Release;
		};
		00D36DD0283CEA72006D8B6B /* Debug */ = {
			isa = XCBuildConfiguration;
			buildSettings = {
				ASSETCATALOG_COMPILER_APPICON_NAME = AppIcon;
				ASSETCATALOG_COMPILER_GLOBAL_ACCENT_COLOR_NAME = AccentColor;
				CODE_SIGN_STYLE = Automatic;
				CURRENT_PROJECT_VERSION = 1;
				DEVELOPMENT_ASSET_PATHS = "\"TechBuy/Preview Content\"";
				DEVELOPMENT_TEAM = QH7853B55W;
				ENABLE_PREVIEWS = YES;
				GENERATE_INFOPLIST_FILE = YES;
				INFOPLIST_FILE = TechBuy/Info.plist;
				INFOPLIST_KEY_CFBundleDisplayName = TechBuy;
				INFOPLIST_KEY_LSApplicationCategoryType = "";
				INFOPLIST_KEY_UIApplicationSceneManifest_Generation = YES;
				INFOPLIST_KEY_UIApplicationSupportsIndirectInputEvents = YES;
				INFOPLIST_KEY_UILaunchScreen_Generation = YES;
				INFOPLIST_KEY_UISupportedInterfaceOrientations = UIInterfaceOrientationPortrait;
				INFOPLIST_KEY_UISupportedInterfaceOrientations_iPad = "UIInterfaceOrientationPortrait UIInterfaceOrientationPortraitUpsideDown UIInterfaceOrientationLandscapeLeft UIInterfaceOrientationLandscapeRight";
				INFOPLIST_KEY_UISupportedInterfaceOrientations_iPhone = "UIInterfaceOrientationPortrait UIInterfaceOrientationLandscapeLeft UIInterfaceOrientationLandscapeRight";
				LD_RUNPATH_SEARCH_PATHS = (
					"$(inherited)",
					"@executable_path/Frameworks",
				);
				MARKETING_VERSION = 1.0;
				PRODUCT_BUNDLE_IDENTIFIER = dev.aybarsacar.TechBuy;
				PRODUCT_NAME = "$(TARGET_NAME)";
				SWIFT_EMIT_LOC_STRINGS = YES;
				SWIFT_VERSION = 5.0;
				TARGETED_DEVICE_FAMILY = "1,2";
			};
			name = Debug;
		};
		00D36DD1283CEA72006D8B6B /* Release */ = {
			isa = XCBuildConfiguration;
			buildSettings = {
				ASSETCATALOG_COMPILER_APPICON_NAME = AppIcon;
				ASSETCATALOG_COMPILER_GLOBAL_ACCENT_COLOR_NAME = AccentColor;
				CODE_SIGN_STYLE = Automatic;
				CURRENT_PROJECT_VERSION = 1;
				DEVELOPMENT_ASSET_PATHS = "\"TechBuy/Preview Content\"";
				DEVELOPMENT_TEAM = QH7853B55W;
				ENABLE_PREVIEWS = YES;
				GENERATE_INFOPLIST_FILE = YES;
				INFOPLIST_FILE = TechBuy/Info.plist;
				INFOPLIST_KEY_CFBundleDisplayName = TechBuy;
				INFOPLIST_KEY_LSApplicationCategoryType = "";
				INFOPLIST_KEY_UIApplicationSceneManifest_Generation = YES;
				INFOPLIST_KEY_UIApplicationSupportsIndirectInputEvents = YES;
				INFOPLIST_KEY_UILaunchScreen_Generation = YES;
				INFOPLIST_KEY_UISupportedInterfaceOrientations = UIInterfaceOrientationPortrait;
				INFOPLIST_KEY_UISupportedInterfaceOrientations_iPad = "UIInterfaceOrientationPortrait UIInterfaceOrientationPortraitUpsideDown UIInterfaceOrientationLandscapeLeft UIInterfaceOrientationLandscapeRight";
				INFOPLIST_KEY_UISupportedInterfaceOrientations_iPhone = "UIInterfaceOrientationPortrait UIInterfaceOrientationLandscapeLeft UIInterfaceOrientationLandscapeRight";
				LD_RUNPATH_SEARCH_PATHS = (
					"$(inherited)",
					"@executable_path/Frameworks",
				);
				MARKETING_VERSION = 1.0;
				PRODUCT_BUNDLE_IDENTIFIER = dev.aybarsacar.TechBuy;
				PRODUCT_NAME = "$(TARGET_NAME)";
				SWIFT_EMIT_LOC_STRINGS = YES;
				SWIFT_VERSION = 5.0;
				TARGETED_DEVICE_FAMILY = "1,2";
			};
			name = Release;
		};
/* End XCBuildConfiguration section */

/* Begin XCConfigurationList section */
		00D36DBC283CEA70006D8B6B /* Build configuration list for PBXProject "TechBuy" */ = {
			isa = XCConfigurationList;
			buildConfigurations = (
				00D36DCD283CEA72006D8B6B /* Debug */,
				00D36DCE283CEA72006D8B6B /* Release */,
			);
			defaultConfigurationIsVisible = 0;
			defaultConfigurationName = Release;
		};
		00D36DCF283CEA72006D8B6B /* Build configuration list for PBXNativeTarget "TechBuy" */ = {
			isa = XCConfigurationList;
			buildConfigurations = (
				00D36DD0283CEA72006D8B6B /* Debug */,
				00D36DD1283CEA72006D8B6B /* Release */,
			);
			defaultConfigurationIsVisible = 0;
			defaultConfigurationName = Release;
		};
/* End XCConfigurationList section */

/* Begin XCRemoteSwiftPackageReference section */
		005547C228501EAA003EE213 /* XCRemoteSwiftPackageReference "lottie-ios" */ = {
			isa = XCRemoteSwiftPackageReference;
			repositoryURL = "https://github.com/airbnb/lottie-ios.git";
			requirement = {
				branch = master;
				kind = branch;
			};
		};
		00DB0E81283F55AC005F7D4B /* XCRemoteSwiftPackageReference "cloudinary_ios" */ = {
			isa = XCRemoteSwiftPackageReference;
			repositoryURL = "https://github.com/cloudinary/cloudinary_ios.git";
			requirement = {
				kind = upToNextMajorVersion;
				minimumVersion = 3.0.0;
			};
		};
		00DB0E89283F56B4005F7D4B /* XCRemoteSwiftPackageReference "Swinject" */ = {
			isa = XCRemoteSwiftPackageReference;
			repositoryURL = "https://github.com/Swinject/Swinject.git";
			requirement = {
				branch = master;
				kind = branch;
			};
		};
		00DB0E9E283F65B4005F7D4B /* XCRemoteSwiftPackageReference "stripe-ios" */ = {
			isa = XCRemoteSwiftPackageReference;
			repositoryURL = "https://github.com/stripe/stripe-ios";
			requirement = {
				kind = upToNextMajorVersion;
				minimumVersion = 22.0.0;
			};
		};
/* End XCRemoteSwiftPackageReference section */

/* Begin XCSwiftPackageProductDependency section */
		005547C328501EAA003EE213 /* Lottie */ = {
			isa = XCSwiftPackageProductDependency;
			package = 005547C228501EAA003EE213 /* XCRemoteSwiftPackageReference "lottie-ios" */;
			productName = Lottie;
		};
		00DB0E82283F55AC005F7D4B /* Cloudinary */ = {
			isa = XCSwiftPackageProductDependency;
			package = 00DB0E81283F55AC005F7D4B /* XCRemoteSwiftPackageReference "cloudinary_ios" */;
			productName = Cloudinary;
		};
		00DB0E8A283F56B4005F7D4B /* Swinject */ = {
			isa = XCSwiftPackageProductDependency;
			package = 00DB0E89283F56B4005F7D4B /* XCRemoteSwiftPackageReference "Swinject" */;
			productName = Swinject;
		};
		00DB0E9F283F65B4005F7D4B /* Stripe */ = {
			isa = XCSwiftPackageProductDependency;
			package = 00DB0E9E283F65B4005F7D4B /* XCRemoteSwiftPackageReference "stripe-ios" */;
			productName = Stripe;
		};
		00DB0EA1283F65B4005F7D4B /* StripeCardScan */ = {
			isa = XCSwiftPackageProductDependency;
			package = 00DB0E9E283F65B4005F7D4B /* XCRemoteSwiftPackageReference "stripe-ios" */;
			productName = StripeCardScan;
		};
/* End XCSwiftPackageProductDependency section */

/* Begin XCVersionGroup section */
		00794BA92851F4BD00528C17 /* Basket.xcdatamodeld */ = {
			isa = XCVersionGroup;
			children = (
				00794BAA2851F4BD00528C17 /* Basket.xcdatamodel */,
			);
			currentVersion = 00794BAA2851F4BD00528C17 /* Basket.xcdatamodel */;
			path = Basket.xcdatamodeld;
			sourceTree = "<group>";
			versionGroupType = wrapper.xcdatamodel;
		};
/* End XCVersionGroup section */
	};
	rootObject = 00D36DB9283CEA70006D8B6B /* Project object */;
}
